Microsoft Visual Studio Solution File, Format Version 10.00
# Visual Studio 2008
Project("{2150E333-8FDC-42A3-9474-1A3956D46DE8}") = "(cctest)", ".", "{499066B2-37B4-16D2-62E8-8178BBC042B6}"
EndProject
Project("{2150E333-8FDC-42A3-9474-1A3956D46DE8}") = "(gyp)", "..\..\tools\gyp", "{0A173FA6-4921-C1C4-C97B-E89CE5CB7004}"
EndProject
Project("{2150E333-8FDC-42A3-9474-1A3956D46DE8}") = "(test)", "..", "{62D1E309-C69B-EEB9-F250-955F10E34BEB}"
EndProject
Project("{2150E333-8FDC-42A3-9474-1A3956D46DE8}") = "(tools)", "..\..\tools", "{0078455D-77D3-142E-F1F4-B78FB0A8B454}"
EndProject
Project("{8BC9CEB8-8B4A-11D0-8D11-00A0C91BC942}") = "cctest", "cctest.vcproj", "{F62F1660-5C4D-ED10-9E9C-048C3708A026}"
	ProjectSection(ProjectDependencies) = postProject
		{0B4547C7-C72D-0BD0-FDAA-3C469A444BCD} = {0B4547C7-C72D-0BD0-FDAA-3C469A444BCD}
		{53056086-978F-89E6-B758-74C67779EA39} = {53056086-978F-89E6-B758-74C67779EA39}
	EndProjectSection
EndProject
Project("{8BC9CEB8-8B4A-11D0-8D11-00A0C91BC942}") = "js2c", "..\..\tools\gyp\js2c.vcproj", "{682B2B4A-9832-E481-00A2-8294F0B58E1C}"
EndProject
Project("{8BC9CEB8-8B4A-11D0-8D11-00A0C91BC942}") = "mksnapshot.ia32", "..\..\tools\gyp\mksnapshot.ia32.vcproj", "{D1BA8E9F-9479-BD00-AFBF-5749B6B39505}"
	ProjectSection(ProjectDependencies) = postProject
		{E5233E7E-0A2E-2B8D-3DD4-064FDAD12A59} = {E5233E7E-0A2E-2B8D-3DD4-064FDAD12A59}
		{314DD89C-BF81-9725-050C-6DF7FA34C644} = {314DD89C-BF81-9725-050C-6DF7FA34C644}
		{682B2B4A-9832-E481-00A2-8294F0B58E1C} = {682B2B4A-9832-E481-00A2-8294F0B58E1C}
	EndProjectSection
EndProject
Project("{8BC9CEB8-8B4A-11D0-8D11-00A0C91BC942}") = "resources", "resources.vcproj", "{0B4547C7-C72D-0BD0-FDAA-3C469A444BCD}"
EndProject
Project("{8BC9CEB8-8B4A-11D0-8D11-00A0C91BC942}") = "v8", "..\..\tools\gyp\v8.vcproj", "{53056086-978F-89E6-B758-74C67779EA39}"
	ProjectSection(ProjectDependencies) = postProject
		{E5233E7E-0A2E-2B8D-3DD4-064FDAD12A59} = {E5233E7E-0A2E-2B8D-3DD4-064FDAD12A59}
		{82C3F9EC-C557-4676-1480-C1CD7CA8872C} = {82C3F9EC-C557-4676-1480-C1CD7CA8872C}
		{682B2B4A-9832-E481-00A2-8294F0B58E1C} = {682B2B4A-9832-E481-00A2-8294F0B58E1C}
	EndProjectSection
EndProject
Project("{8BC9CEB8-8B4A-11D0-8D11-00A0C91BC942}") = "v8_base.ia32", "..\..\tools\gyp\v8_base.ia32.vcproj", "{E5233E7E-0A2E-2B8D-3DD4-064FDAD12A59}"
EndProject
Project("{8BC9CEB8-8B4A-11D0-8D11-00A0C91BC942}") = "v8_nosnapshot.ia32", "..\..\tools\gyp\v8_nosnapshot.ia32.vcproj", "{314DD89C-BF81-9725-050C-6DF7FA34C644}"
	ProjectSection(ProjectDependencies) = postProject
		{682B2B4A-9832-E481-00A2-8294F0B58E1C} = {682B2B4A-9832-E481-00A2-8294F0B58E1C}
	EndProjectSection
EndProject
Project("{8BC9CEB8-8B4A-11D0-8D11-00A0C91BC942}") = "v8_snapshot", "..\..\tools\gyp\v8_snapshot.vcproj", "{82C3F9EC-C557-4676-1480-C1CD7CA8872C}"
	ProjectSection(ProjectDependencies) = postProject
		{D1BA8E9F-9479-BD00-AFBF-5749B6B39505} = {D1BA8E9F-9479-BD00-AFBF-5749B6B39505}
		{682B2B4A-9832-E481-00A2-8294F0B58E1C} = {682B2B4A-9832-E481-00A2-8294F0B58E1C}
	EndProjectSection
EndProject
Global
	GlobalSection(SolutionConfigurationPlatforms) = preSolution
		Debug|Win32 = Debug|Win32
		Release|Win32 = Release|Win32
	EndGlobalSection
	GlobalSection(ProjectConfigurationPlatforms) = postSolution
		{0B4547C7-C72D-0BD0-FDAA-3C469A444BCD}.Debug|Win32.ActiveCfg = Debug|Win32
		{0B4547C7-C72D-0BD0-FDAA-3C469A444BCD}.Debug|Win32.Build.0 = Debug|Win32
		{0B4547C7-C72D-0BD0-FDAA-3C469A444BCD}.Release|Win32.ActiveCfg = Release|Win32
		{0B4547C7-C72D-0BD0-FDAA-3C469A444BCD}.Release|Win32.Build.0 = Release|Win32
		{314DD89C-BF81-9725-050C-6DF7FA34C644}.Debug|Win32.ActiveCfg = Debug|Win32
		{314DD89C-BF81-9725-050C-6DF7FA34C644}.Debug|Win32.Build.0 = Debug|Win32
		{314DD89C-BF81-9725-050C-6DF7FA34C644}.Release|Win32.ActiveCfg = Release|Win32
		{314DD89C-BF81-9725-050C-6DF7FA34C644}.Release|Win32.Build.0 = Release|Win32
		{53056086-978F-89E6-B758-74C67779EA39}.Debug|Win32.ActiveCfg = Debug|Win32
		{53056086-978F-89E6-B758-74C67779EA39}.Debug|Win32.Build.0 = Debug|Win32
		{53056086-978F-89E6-B758-74C67779EA39}.Release|Win32.ActiveCfg = Release|Win32
		{53056086-978F-89E6-B758-74C67779EA39}.Release|Win32.Build.0 = Release|Win32
		{682B2B4A-9832-E481-00A2-8294F0B58E1C}.Debug|Win32.ActiveCfg = Debug|Win32
		{682B2B4A-9832-E481-00A2-8294F0B58E1C}.Debug|Win32.Build.0 = Debug|Win32
		{682B2B4A-9832-E481-00A2-8294F0B58E1C}.Release|Win32.ActiveCfg = Release|Win32
		{682B2B4A-9832-E481-00A2-8294F0B58E1C}.Release|Win32.Build.0 = Release|Win32
		{82C3F9EC-C557-4676-1480-C1CD7CA8872C}.Debug|Win32.ActiveCfg = Debug|Win32
		{82C3F9EC-C557-4676-1480-C1CD7CA8872C}.Debug|Win32.Build.0 = Debug|Win32
		{82C3F9EC-C557-4676-1480-C1CD7CA8872C}.Release|Win32.ActiveCfg = Release|Win32
		{82C3F9EC-C557-4676-1480-C1CD7CA8872C}.Release|Win32.Build.0 = Release|Win32
		{D1BA8E9F-9479-BD00-AFBF-5749B6B39505}.Debug|Win32.ActiveCfg = Debug|Win32
		{D1BA8E9F-9479-BD00-AFBF-5749B6B39505}.Debug|Win32.Build.0 = Debug|Win32
		{D1BA8E9F-9479-BD00-AFBF-5749B6B39505}.Release|Win32.ActiveCfg = Release|Win32
		{D1BA8E9F-9479-BD00-AFBF-5749B6B39505}.Release|Win32.Build.0 = Release|Win32
		{E5233E7E-0A2E-2B8D-3DD4-064FDAD12A59}.Debug|Win32.ActiveCfg = Debug|Win32
		{E5233E7E-0A2E-2B8D-3DD4-064FDAD12A59}.Debug|Win32.Build.0 = Debug|Win32
		{E5233E7E-0A2E-2B8D-3DD4-064FDAD12A59}.Release|Win32.ActiveCfg = Release|Win32
		{E5233E7E-0A2E-2B8D-3DD4-064FDAD12A59}.Release|Win32.Build.0 = Release|Win32
		{F62F1660-5C4D-ED10-9E9C-048C3708A026}.Debug|Win32.ActiveCfg = Debug|Win32
		{F62F1660-5C4D-ED10-9E9C-048C3708A026}.Debug|Win32.Build.0 = Debug|Win32
		{F62F1660-5C4D-ED10-9E9C-048C3708A026}.Release|Win32.ActiveCfg = Release|Win32
		{F62F1660-5C4D-ED10-9E9C-048C3708A026}.Release|Win32.Build.0 = Release|Win32
	EndGlobalSection
	GlobalSection(SolutionProperties) = preSolution
		HideSolutionNode = FALSE
	EndGlobalSection
	GlobalSection(NestedProjects) = preSolution
		{F62F1660-5C4D-ED10-9E9C-048C3708A026} = {499066B2-37B4-16D2-62E8-8178BBC042B6}
		{0B4547C7-C72D-0BD0-FDAA-3C469A444BCD} = {499066B2-37B4-16D2-62E8-8178BBC042B6}
		{682B2B4A-9832-E481-00A2-8294F0B58E1C} = {0A173FA6-4921-C1C4-C97B-E89CE5CB7004}
		{D1BA8E9F-9479-BD00-AFBF-5749B6B39505} = {0A173FA6-4921-C1C4-C97B-E89CE5CB7004}
		{53056086-978F-89E6-B758-74C67779EA39} = {0A173FA6-4921-C1C4-C97B-E89CE5CB7004}
		{E5233E7E-0A2E-2B8D-3DD4-064FDAD12A59} = {0A173FA6-4921-C1C4-C97B-E89CE5CB7004}
		{314DD89C-BF81-9725-050C-6DF7FA34C644} = {0A173FA6-4921-C1C4-C97B-E89CE5CB7004}
		{82C3F9EC-C557-4676-1480-C1CD7CA8872C} = {0A173FA6-4921-C1C4-C97B-E89CE5CB7004}
		{499066B2-37B4-16D2-62E8-8178BBC042B6} = {62D1E309-C69B-EEB9-F250-955F10E34BEB}
		{0A173FA6-4921-C1C4-C97B-E89CE5CB7004} = {0078455D-77D3-142E-F1F4-B78FB0A8B454}
	EndGlobalSection
EndGlobal
